// !$*UTF8*$!
{
	archiveVersion = 1;
	classes = {
	};
	objectVersion = 48;
	objects = {

/* Begin PBXBuildFile section */
		2BF2266E84B95BF4163A612D /* Pods_PregBuddy_Tweets.framework in Frameworks */ = {isa = PBXBuildFile; fileRef = 8288153F1A19BD336DBED925 /* Pods_PregBuddy_Tweets.framework */; };
		FE0DB75F2051AFAE00A558B7 /* SafariServices.framework in Frameworks */ = {isa = PBXBuildFile; fileRef = FE0DB75E2051AFAE00A558B7 /* SafariServices.framework */; };
		FE0DB76220526BD100A558B7 /* TweetsTabScreen.swift in Sources */ = {isa = PBXBuildFile; fileRef = FE0DB76120526BD100A558B7 /* TweetsTabScreen.swift */; };
		FE0DB76420526BDE00A558B7 /* BookmarksTabScreen.swift in Sources */ = {isa = PBXBuildFile; fileRef = FE0DB76320526BDE00A558B7 /* BookmarksTabScreen.swift */; };
		FE0DB76720526E9E00A558B7 /* PregBuddyConstants.swift in Sources */ = {isa = PBXBuildFile; fileRef = FE0DB76620526E9E00A558B7 /* PregBuddyConstants.swift */; };
		FE0DB76A20526F7B00A558B7 /* TweetsTabTableCell.swift in Sources */ = {isa = PBXBuildFile; fileRef = FE0DB76920526F7B00A558B7 /* TweetsTabTableCell.swift */; };
		FE0DB76C205276F500A558B7 /* PregBuddyShared.swift in Sources */ = {isa = PBXBuildFile; fileRef = FE0DB76B205276F500A558B7 /* PregBuddyShared.swift */; };
		FE0DB76E20528F8300A558B7 /* CoreData.framework in Frameworks */ = {isa = PBXBuildFile; fileRef = FE0DB76D20528F8300A558B7 /* CoreData.framework */; };
		FE0DB77220528FC500A558B7 /* DBPregBuddyTweets.xcdatamodeld in Sources */ = {isa = PBXBuildFile; fileRef = FE0DB77020528FC500A558B7 /* DBPregBuddyTweets.xcdatamodeld */; };
		FEB20235204E964600999963 /* AppDelegate.swift in Sources */ = {isa = PBXBuildFile; fileRef = FEB20234204E964600999963 /* AppDelegate.swift */; };
		FEB20237204E964600999963 /* ViewController.swift in Sources */ = {isa = PBXBuildFile; fileRef = FEB20236204E964600999963 /* ViewController.swift */; };
		FEB2023A204E964600999963 /* Main.storyboard in Resources */ = {isa = PBXBuildFile; fileRef = FEB20238204E964600999963 /* Main.storyboard */; };
		FEB2023C204E964600999963 /* Assets.xcassets in Resources */ = {isa = PBXBuildFile; fileRef = FEB2023B204E964600999963 /* Assets.xcassets */; };
		FEB2023F204E964600999963 /* LaunchScreen.storyboard in Resources */ = {isa = PBXBuildFile; fileRef = FEB2023D204E964600999963 /* LaunchScreen.storyboard */; };
/* End PBXBuildFile section */

/* Begin PBXFileReference section */
		04B1FDB75EB544932FD3C42B /* Pods-PregBuddy Tweets.debug.xcconfig */ = {isa = PBXFileReference; includeInIndex = 1; lastKnownFileType = text.xcconfig; name = "Pods-PregBuddy Tweets.debug.xcconfig"; path = "Pods/Target Support Files/Pods-PregBuddy Tweets/Pods-PregBuddy Tweets.debug.xcconfig"; sourceTree = "<group>"; };
		3E4ABB3DCB0DB13DF3B0BB5D /* Pods-PregBuddy Tweets.release.xcconfig */ = {isa = PBXFileReference; includeInIndex = 1; lastKnownFileType = text.xcconfig; name = "Pods-PregBuddy Tweets.release.xcconfig"; path = "Pods/Target Support Files/Pods-PregBuddy Tweets/Pods-PregBuddy Tweets.release.xcconfig"; sourceTree = "<group>"; };
		8288153F1A19BD336DBED925 /* Pods_PregBuddy_Tweets.framework */ = {isa = PBXFileReference; explicitFileType = wrapper.framework; includeInIndex = 0; path = Pods_PregBuddy_Tweets.framework; sourceTree = BUILT_PRODUCTS_DIR; };
		FE0DB75E2051AFAE00A558B7 /* SafariServices.framework */ = {isa = PBXFileReference; lastKnownFileType = wrapper.framework; name = SafariServices.framework; path = System/Library/Frameworks/SafariServices.framework; sourceTree = SDKROOT; };
		FE0DB76120526BD100A558B7 /* TweetsTabScreen.swift */ = {isa = PBXFileReference; lastKnownFileType = sourcecode.swift; path = TweetsTabScreen.swift; sourceTree = "<group>"; };
		FE0DB76320526BDE00A558B7 /* BookmarksTabScreen.swift */ = {isa = PBXFileReference; lastKnownFileType = sourcecode.swift; path = BookmarksTabScreen.swift; sourceTree = "<group>"; };
		FE0DB76620526E9E00A558B7 /* PregBuddyConstants.swift */ = {isa = PBXFileReference; lastKnownFileType = sourcecode.swift; path = PregBuddyConstants.swift; sourceTree = "<group>"; };
		FE0DB76920526F7B00A558B7 /* TweetsTabTableCell.swift */ = {isa = PBXFileReference; lastKnownFileType = sourcecode.swift; path = TweetsTabTableCell.swift; sourceTree = "<group>"; };
		FE0DB76B205276F500A558B7 /* PregBuddyShared.swift */ = {isa = PBXFileReference; lastKnownFileType = sourcecode.swift; path = PregBuddyShared.swift; sourceTree = "<group>"; };
		FE0DB76D20528F8300A558B7 /* CoreData.framework */ = {isa = PBXFileReference; lastKnownFileType = wrapper.framework; name = CoreData.framework; path = System/Library/Frameworks/CoreData.framework; sourceTree = SDKROOT; };
		FE0DB77120528FC500A558B7 /* DBPregBuddyTweets.xcdatamodel */ = {isa = PBXFileReference; lastKnownFileType = wrapper.xcdatamodel; path = DBPregBuddyTweets.xcdatamodel; sourceTree = "<group>"; };
		FEB20231204E964600999963 /* PregBuddy Tweets.app */ = {isa = PBXFileReference; explicitFileType = wrapper.application; includeInIndex = 0; path = "PregBuddy Tweets.app"; sourceTree = BUILT_PRODUCTS_DIR; };
		FEB20234204E964600999963 /* AppDelegate.swift */ = {isa = PBXFileReference; lastKnownFileType = sourcecode.swift; path = AppDelegate.swift; sourceTree = "<group>"; };
		FEB20236204E964600999963 /* ViewController.swift */ = {isa = PBXFileReference; lastKnownFileType = sourcecode.swift; path = ViewController.swift; sourceTree = "<group>"; };
		FEB20239204E964600999963 /* Base */ = {isa = PBXFileReference; lastKnownFileType = file.storyboard; name = Base; path = Base.lproj/Main.storyboard; sourceTree = "<group>"; };
		FEB2023B204E964600999963 /* Assets.xcassets */ = {isa = PBXFileReference; lastKnownFileType = folder.assetcatalog; path = Assets.xcassets; sourceTree = "<group>"; };
		FEB2023E204E964600999963 /* Base */ = {isa = PBXFileReference; lastKnownFileType = file.storyboard; name = Base; path = Base.lproj/LaunchScreen.storyboard; sourceTree = "<group>"; };
		FEB20240204E964600999963 /* Info.plist */ = {isa = PBXFileReference; lastKnownFileType = text.plist.xml; path = Info.plist; sourceTree = "<group>"; };
/* End PBXFileReference section */

/* Begin PBXFrameworksBuildPhase section */
		FEB2022E204E964600999963 /* Frameworks */ = {
			isa = PBXFrameworksBuildPhase;
			buildActionMask = 2147483647;
			files = (
				FE0DB76E20528F8300A558B7 /* CoreData.framework in Frameworks */,
				FE0DB75F2051AFAE00A558B7 /* SafariServices.framework in Frameworks */,
				2BF2266E84B95BF4163A612D /* Pods_PregBuddy_Tweets.framework in Frameworks */,
			);
			runOnlyForDeploymentPostprocessing = 0;
		};
/* End PBXFrameworksBuildPhase section */

/* Begin PBXGroup section */
		1487147BBC313D9E7C7F9585 /* Frameworks */ = {
			isa = PBXGroup;
			children = (
				FE0DB76D20528F8300A558B7 /* CoreData.framework */,
				FE0DB75E2051AFAE00A558B7 /* SafariServices.framework */,
				8288153F1A19BD336DBED925 /* Pods_PregBuddy_Tweets.framework */,
			);
			name = Frameworks;
			sourceTree = "<group>";
		};
		CA93A3FB6995F9048178F124 /* Pods */ = {
			isa = PBXGroup;
			children = (
				04B1FDB75EB544932FD3C42B /* Pods-PregBuddy Tweets.debug.xcconfig */,
				3E4ABB3DCB0DB13DF3B0BB5D /* Pods-PregBuddy Tweets.release.xcconfig */,
			);
			name = Pods;
			sourceTree = "<group>";
		};
		FE0DB76020526BB700A558B7 /* Tabs */ = {
			isa = PBXGroup;
			children = (
				FE0DB76120526BD100A558B7 /* TweetsTabScreen.swift */,
				FE0DB76320526BDE00A558B7 /* BookmarksTabScreen.swift */,
			);
			path = Tabs;
			sourceTree = "<group>";
		};
		FE0DB76820526F6300A558B7 /* View */ = {
			isa = PBXGroup;
			children = (
				FE0DB76920526F7B00A558B7 /* TweetsTabTableCell.swift */,
			);
			path = View;
			sourceTree = "<group>";
		};
		FE0DB76F20528FAF00A558B7 /* DB */ = {
			isa = PBXGroup;
			children = (
				FE0DB77020528FC500A558B7 /* DBPregBuddyTweets.xcdatamodeld */,
			);
			path = DB;
			sourceTree = "<group>";
		};
		FEB20228204E964600999963 = {
			isa = PBXGroup;
			children = (
				FEB20233204E964600999963 /* PregBuddy Tweets */,
				FEB20232204E964600999963 /* Products */,
				CA93A3FB6995F9048178F124 /* Pods */,
				1487147BBC313D9E7C7F9585 /* Frameworks */,
			);
			sourceTree = "<group>";
		};
		FEB20232204E964600999963 /* Products */ = {
			isa = PBXGroup;
			children = (
				FEB20231204E964600999963 /* PregBuddy Tweets.app */,
			);
			name = Products;
			sourceTree = "<group>";
		};
		FEB20233204E964600999963 /* PregBuddy Tweets */ = {
			isa = PBXGroup;
			children = (
				FE0DB76F20528FAF00A558B7 /* DB */,
				FE0DB76820526F6300A558B7 /* View */,
				FE0DB76020526BB700A558B7 /* Tabs */,
				FEB20234204E964600999963 /* AppDelegate.swift */,
				FEB20236204E964600999963 /* ViewController.swift */,
				FEB20238204E964600999963 /* Main.storyboard */,
				FEB2023B204E964600999963 /* Assets.xcassets */,
				FEB2023D204E964600999963 /* LaunchScreen.storyboard */,
				FEB20240204E964600999963 /* Info.plist */,
				FE0DB76620526E9E00A558B7 /* PregBuddyConstants.swift */,
				FE0DB76B205276F500A558B7 /* PregBuddyShared.swift */,
			);
			path = "PregBuddy Tweets";
			sourceTree = "<group>";
		};
/* End PBXGroup section */

/* Begin PBXNativeTarget section */
		FEB20230204E964600999963 /* PregBuddy Tweets */ = {
			isa = PBXNativeTarget;
			buildConfigurationList = FEB20243204E964600999963 /* Build configuration list for PBXNativeTarget "PregBuddy Tweets" */;
			buildPhases = (
				E048194FC641D04EE90A4620 /* [CP] Check Pods Manifest.lock */,
				FEB2022D204E964600999963 /* Sources */,
				FEB2022E204E964600999963 /* Frameworks */,
				FEB2022F204E964600999963 /* Resources */,
				77137EA2013633491DDAE0DD /* [CP] Embed Pods Frameworks */,
				116F6A42A978D500758DF395 /* [CP] Copy Pods Resources */,
			);
			buildRules = (
			);
			dependencies = (
			);
			name = "PregBuddy Tweets";
			productName = "PregBuddy Tweets";
			productReference = FEB20231204E964600999963 /* PregBuddy Tweets.app */;
			productType = "com.apple.product-type.application";
		};
/* End PBXNativeTarget section */

/* Begin PBXProject section */
		FEB20229204E964600999963 /* Project object */ = {
			isa = PBXProject;
			attributes = {
				LastSwiftUpdateCheck = 0920;
				LastUpgradeCheck = 0920;
				ORGANIZATIONNAME = "MM iOS";
				TargetAttributes = {
					FEB20230204E964600999963 = {
						CreatedOnToolsVersion = 9.2;
						ProvisioningStyle = Automatic;
					};
				};
			};
			buildConfigurationList = FEB2022C204E964600999963 /* Build configuration list for PBXProject "PregBuddy Tweets" */;
			compatibilityVersion = "Xcode 8.0";
			developmentRegion = en;
			hasScannedForEncodings = 0;
			knownRegions = (
				en,
				Base,
			);
			mainGroup = FEB20228204E964600999963;
			productRefGroup = FEB20232204E964600999963 /* Products */;
			projectDirPath = "";
			projectRoot = "";
			targets = (
				FEB20230204E964600999963 /* PregBuddy Tweets */,
			);
		};
/* End PBXProject section */

/* Begin PBXResourcesBuildPhase section */
		FEB2022F204E964600999963 /* Resources */ = {
			isa = PBXResourcesBuildPhase;
			buildActionMask = 2147483647;
			files = (
				FEB2023F204E964600999963 /* LaunchScreen.storyboard in Resources */,
				FEB2023C204E964600999963 /* Assets.xcassets in Resources */,
				FEB2023A204E964600999963 /* Main.storyboard in Resources */,
			);
			runOnlyForDeploymentPostprocessing = 0;
		};
/* End PBXResourcesBuildPhase section */

/* Begin PBXShellScriptBuildPhase section */
		116F6A42A978D500758DF395 /* [CP] Copy Pods Resources */ = {
			isa = PBXShellScriptBuildPhase;
			buildActionMask = 2147483647;
			files = (
			);
			inputPaths = (
				"${SRCROOT}/Pods/Target Support Files/Pods-PregBuddy Tweets/Pods-PregBuddy Tweets-resources.sh",
				"${PODS_ROOT}/TwitterKit/iOS/TwitterKit.framework/TwitterKitResources.bundle",
				"${PODS_ROOT}/TwitterKit/iOS/TwitterKit.framework/TwitterShareExtensionUIResources.bundle",
			);
			name = "[CP] Copy Pods Resources";
			outputPaths = (
				"${TARGET_BUILD_DIR}/${UNLOCALIZED_RESOURCES_FOLDER_PATH}",
			);
			runOnlyForDeploymentPostprocessing = 0;
			shellPath = /bin/sh;
			shellScript = "\"${SRCROOT}/Pods/Target Support Files/Pods-PregBuddy Tweets/Pods-PregBuddy Tweets-resources.sh\"\n";
			showEnvVarsInLog = 0;
		};
		77137EA2013633491DDAE0DD /* [CP] Embed Pods Frameworks */ = {
			isa = PBXShellScriptBuildPhase;
			buildActionMask = 2147483647;
			files = (
			);
			inputPaths = (
				"${SRCROOT}/Pods/Target Support Files/Pods-PregBuddy Tweets/Pods-PregBuddy Tweets-frameworks.sh",
				"${PODS_ROOT}/TwitterCore/iOS/TwitterCore.framework",
				"${PODS_ROOT}/TwitterKit/iOS/TwitterKit.framework",
			);
			name = "[CP] Embed Pods Frameworks";
			outputPaths = (
				"${TARGET_BUILD_DIR}/${FRAMEWORKS_FOLDER_PATH}/TwitterCore.framework",
				"${TARGET_BUILD_DIR}/${FRAMEWORKS_FOLDER_PATH}/TwitterKit.framework",
			);
			runOnlyForDeploymentPostprocessing = 0;
			shellPath = /bin/sh;
			shellScript = "\"${SRCROOT}/Pods/Target Support Files/Pods-PregBuddy Tweets/Pods-PregBuddy Tweets-frameworks.sh\"\n";
			showEnvVarsInLog = 0;
		};
		E048194FC641D04EE90A4620 /* [CP] Check Pods Manifest.lock */ = {
			isa = PBXShellScriptBuildPhase;
			buildActionMask = 2147483647;
			files = (
			);
			inputPaths = (
				"${PODS_PODFILE_DIR_PATH}/Podfile.lock",
				"${PODS_ROOT}/Manifest.lock",
			);
			name = "[CP] Check Pods Manifest.lock";
			outputPaths = (
				"$(DERIVED_FILE_DIR)/Pods-PregBuddy Tweets-checkManifestLockResult.txt",
			);
			runOnlyForDeploymentPostprocessing = 0;
			shellPath = /bin/sh;
			shellScript = "diff \"${PODS_PODFILE_DIR_PATH}/Podfile.lock\" \"${PODS_ROOT}/Manifest.lock\" > /dev/null\nif [ $? != 0 ] ; then\n    # print error to STDERR\n    echo \"error: The sandbox is not in sync with the Podfile.lock. Run 'pod install' or update your CocoaPods installation.\" >&2\n    exit 1\nfi\n# This output is used by Xcode 'outputs' to avoid re-running this script phase.\necho \"SUCCESS\" > \"${SCRIPT_OUTPUT_FILE_0}\"\n";
			showEnvVarsInLog = 0;
		};
/* End PBXShellScriptBuildPhase section */

/* Begin PBXSourcesBuildPhase section */
		FEB2022D204E964600999963 /* Sources */ = {
			isa = PBXSourcesBuildPhase;
			buildActionMask = 2147483647;
			files = (
				FE0DB76220526BD100A558B7 /* TweetsTabScreen.swift in Sources */,
				FE0DB76720526E9E00A558B7 /* PregBuddyConstants.swift in Sources */,
				FEB20237204E964600999963 /* ViewController.swift in Sources */,
				FE0DB76C205276F500A558B7 /* PregBuddyShared.swift in Sources */,
				FEB20235204E964600999963 /* AppDelegate.swift in Sources */,
				FE0DB76A20526F7B00A558B7 /* TweetsTabTableCell.swift in Sources */,
				FE0DB77220528FC500A558B7 /* DBPregBuddyTweets.xcdatamodeld in Sources */,
				FE0DB76420526BDE00A558B7 /* BookmarksTabScreen.swift in Sources */,
			);
			runOnlyForDeploymentPostprocessing = 0;
		};
/* End PBXSourcesBuildPhase section */

/* Begin PBXVariantGroup section */
		FEB20238204E964600999963 /* Main.storyboard */ = {
			isa = PBXVariantGroup;
			children = (
				FEB20239204E964600999963 /* Base */,
			);
			name = Main.storyboard;
			sourceTree = "<group>";
		};
		FEB2023D204E964600999963 /* LaunchScreen.storyboard */ = {
			isa = PBXVariantGroup;
			children = (
				FEB2023E204E964600999963 /* Base */,
			);
			name = LaunchScreen.storyboard;
			sourceTree = "<group>";
		};
/* End PBXVariantGroup section */

/* Begin XCBuildConfiguration section */
		FEB20241204E964600999963 /* Debug */ = {
			isa = XCBuildConfiguration;
			buildSettings = {
				ALWAYS_SEARCH_USER_PATHS = NO;
				CLANG_ANALYZER_NONNULL = YES;
				CLANG_ANALYZER_NUMBER_OBJECT_CONVERSION = YES_AGGRESSIVE;
				CLANG_CXX_LANGUAGE_STANDARD = "gnu++14";
				CLANG_CXX_LIBRARY = "libc++";
				CLANG_ENABLE_MODULES = YES;
				CLANG_ENABLE_OBJC_ARC = YES;
				CLANG_WARN_BLOCK_CAPTURE_AUTORELEASING = YES;
				CLANG_WARN_BOOL_CONVERSION = YES;
				CLANG_WARN_COMMA = YES;
				CLANG_WARN_CONSTANT_CONVERSION = YES;
				CLANG_WARN_DIRECT_OBJC_ISA_USAGE = YES_ERROR;
				CLANG_WARN_DOCUMENTATION_COMMENTS = YES;
				CLANG_WARN_EMPTY_BODY = YES;
				CLANG_WARN_ENUM_CONVERSION = YES;
				CLANG_WARN_INFINITE_RECURSION = YES;
				CLANG_WARN_INT_CONVERSION = YES;
				CLANG_WARN_NON_LITERAL_NULL_CONVERSION = YES;
				CLANG_WARN_OBJC_LITERAL_CONVERSION = YES;
				CLANG_WARN_OBJC_ROOT_CLASS = YES_ERROR;
				CLANG_WARN_RANGE_LOOP_ANALYSIS = YES;
				CLANG_WARN_STRICT_PROTOTYPES = YES;
				CLANG_WARN_SUSPICIOUS_MOVE = YES;
				CLANG_WARN_UNGUARDED_AVAILABILITY = YES_AGGRESSIVE;
				CLANG_WARN_UNREACHABLE_CODE = YES;
				CLANG_WARN__DUPLICATE_METHOD_MATCH = YES;
				CODE_SIGN_IDENTITY = "iPhone Developer";
				COPY_PHASE_STRIP = NO;
				DEBUG_INFORMATION_FORMAT = dwarf;
				ENABLE_STRICT_OBJC_MSGSEND = YES;
				ENABLE_TESTABILITY = YES;
				GCC_C_LANGUAGE_STANDARD = gnu11;
				GCC_DYNAMIC_NO_PIC = NO;
				GCC_NO_COMMON_BLOCKS = YES;
				GCC_OPTIMIZATION_LEVEL = 0;
				GCC_PREPROCESSOR_DEFINITIONS = (
					"DEBUG=1",
					"$(inherited)",
				);
				GCC_WARN_64_TO_32_BIT_CONVERSION = YES;
				GCC_WARN_ABOUT_RETURN_TYPE = YES_ERROR;
				GCC_WARN_UNDECLARED_SELECTOR = YES;
				GCC_WARN_UNINITIALIZED_AUTOS = YES_AGGRESSIVE;
				GCC_WARN_UNUSED_FUNCTION = YES;
				GCC_WARN_UNUSED_VARIABLE = YES;
				IPHONEOS_DEPLOYMENT_TARGET = 11.2;
				MTL_ENABLE_DEBUG_INFO = YES;
				ONLY_ACTIVE_ARCH = YES;
				SDKROOT = iphoneos;
				SWIFT_ACTIVE_COMPILATION_CONDITIONS = DEBUG;
				SWIFT_OPTIMIZATION_LEVEL = "-Onone";
			};
			name = Debug;
		};
		FEB20242204E964600999963 /* Release */ = {
			isa = XCBuildConfiguration;
			buildSettings = {
				ALWAYS_SEARCH_USER_PATHS = NO;
				CLANG_ANALYZER_NONNULL = YES;
				CLANG_ANALYZER_NUMBER_OBJECT_CONVERSION = YES_AGGRESSIVE;
				CLANG_CXX_LANGUAGE_STANDARD = "gnu++14";
				CLANG_CXX_LIBRARY = "libc++";
				CLANG_ENABLE_MODULES = YES;
				CLANG_ENABLE_OBJC_ARC = YES;
				CLANG_WARN_BLOCK_CAPTURE_AUTORELEASING = YES;
				CLANG_WARN_BOOL_CONVERSION = YES;
				CLANG_WARN_COMMA = YES;
				CLANG_WARN_CONSTANT_CONVERSION = YES;
				CLANG_WARN_DIRECT_OBJC_ISA_USAGE = YES_ERROR;
				CLANG_WARN_DOCUMENTATION_COMMENTS = YES;
				CLANG_WARN_EMPTY_BODY = YES;
				CLANG_WARN_ENUM_CONVERSION = YES;
				CLANG_WARN_INFINITE_RECURSION = YES;
				CLANG_WARN_INT_CONVERSION = YES;
				CLANG_WARN_NON_LITERAL_NULL_CONVERSION = YES;
				CLANG_WARN_OBJC_LITERAL_CONVERSION = YES;
				CLANG_WARN_OBJC_ROOT_CLASS = YES_ERROR;
				CLANG_WARN_RANGE_LOOP_ANALYSIS = YES;
				CLANG_WARN_STRICT_PROTOTYPES = YES;
				CLANG_WARN_SUSPICIOUS_MOVE = YES;
				CLANG_WARN_UNGUARDED_AVAILABILITY = YES_AGGRESSIVE;
				CLANG_WARN_UNREACHABLE_CODE = YES;
				CLANG_WARN__DUPLICATE_METHOD_MATCH = YES;
				CODE_SIGN_IDENTITY = "iPhone Developer";
				COPY_PHASE_STRIP = NO;
				DEBUG_INFORMATION_FORMAT = "dwarf-with-dsym";
				ENABLE_NS_ASSERTIONS = NO;
				ENABLE_STRICT_OBJC_MSGSEND = YES;
				GCC_C_LANGUAGE_STANDARD = gnu11;
				GCC_NO_COMMON_BLOCKS = YES;
				GCC_WARN_64_TO_32_BIT_CONVERSION = YES;
				GCC_WARN_ABOUT_RETURN_TYPE = YES_ERROR;
				GCC_WARN_UNDECLARED_SELECTOR = YES;
				GCC_WARN_UNINITIALIZED_AUTOS = YES_AGGRESSIVE;
				GCC_WARN_UNUSED_FUNCTION = YES;
				GCC_WARN_UNUSED_VARIABLE = YES;
				IPHONEOS_DEPLOYMENT_TARGET = 11.2;
				MTL_ENABLE_DEBUG_INFO = NO;
				SDKROOT = iphoneos;
				SWIFT_OPTIMIZATION_LEVEL = "-Owholemodule";
				VALIDATE_PRODUCT = YES;
			};
			name = Release;
		};
		FEB20244204E964600999963 /* Debug */ = {
			isa = XCBuildConfiguration;
			baseConfigurationReference = 04B1FDB75EB544932FD3C42B /* Pods-PregBuddy Tweets.debug.xcconfig */;
			buildSettings = {
				ASSETCATALOG_COMPILER_APPICON_NAME = AppIcon;
				CODE_SIGN_STYLE = Automatic;
				DEVELOPMENT_TEAM = C5X58U5LY7;
				INFOPLIST_FILE = "PregBuddy Tweets/Info.plist";
				IPHONEOS_DEPLOYMENT_TARGET = 10.0;
				LD_RUNPATH_SEARCH_PATHS = "$(inherited) @executable_path/Frameworks";
				PRODUCT_BUNDLE_IDENTIFIER = "MM-Orgo.PregBuddy-Tweets";
				PRODUCT_NAME = "$(TARGET_NAME)";
				SWIFT_VERSION = 4.0;
				TARGETED_DEVICE_FAMILY = 1;
			};
			name = Debug;
		};
		FEB20245204E964600999963 /* Release */ = {
			isa = XCBuildConfiguration;
			baseConfigurationReference = 3E4ABB3DCB0DB13DF3B0BB5D /* Pods-PregBuddy Tweets.release.xcconfig */;
			buildSettings = {
				ASSETCATALOG_COMPILER_APPICON_NAME = AppIcon;
				CODE_SIGN_STYLE = Automatic;
				DEVELOPMENT_TEAM = C5X58U5LY7;
				INFOPLIST_FILE = "PregBuddy Tweets/Info.plist";
				IPHONEOS_DEPLOYMENT_TARGET = 10.0;
				LD_RUNPATH_SEARCH_PATHS = "$(inherited) @executable_path/Frameworks";
				PRODUCT_BUNDLE_IDENTIFIER = "MM-Orgo.PregBuddy-Tweets";
				PRODUCT_NAME = "$(TARGET_NAME)";
				SWIFT_VERSION = 4.0;
				TARGETED_DEVICE_FAMILY = 1;
			};
			name = Release;
		};
/* End XCBuildConfiguration section */

/* Begin XCConfigurationList section */
		FEB2022C204E964600999963 /* Build configuration list for PBXProject "PregBuddy Tweets" */ = {
			isa = XCConfigurationList;
			buildConfigurations = (
				FEB20241204E964600999963 /* Debug */,
				FEB20242204E964600999963 /* Release */,
			);
			defaultConfigurationIsVisible = 0;
			defaultConfigurationName = Release;
		};
		FEB20243204E964600999963 /* Build configuration list for PBXNativeTarget "PregBuddy Tweets" */ = {
			isa = XCConfigurationList;
			buildConfigurations = (
				FEB20244204E964600999963 /* Debug */,
				FEB20245204E964600999963 /* Release */,
			);
			defaultConfigurationIsVisible = 0;
			defaultConfigurationName = Release;
		};
/* End XCConfigurationList section */

/* Begin XCVersionGroup section */
		FE0DB77020528FC500A558B7 /* DBPregBuddyTweets.xcdatamodeld */ = {
			isa = XCVersionGroup;
			children = (
				FE0DB77120528FC500A558B7 /* DBPregBuddyTweets.xcdatamodel */,
			);
			currentVersion = FE0DB77120528FC500A558B7 /* DBPregBuddyTweets.xcdatamodel */;
			path = DBPregBuddyTweets.xcdatamodeld;
			sourceTree = "<group>";
			versionGroupType = wrapper.xcdatamodel;
		};
/* End XCVersionGroup section */
	};
	rootObject = FEB20229204E964600999963 /* Project object */;
}
